
Microsoft Visual Studio Solution File, Format Version 12.00
# Visual Studio Version 16
VisualStudioVersion = 16.0.32106.194
MinimumVisualStudioVersion = 10.0.40219.1
Project("{FAE04EC0-301F-11D3-BF4B-00C04F79EFBC}") = "ConsoleAppCSharp", "ConsoleAppCSharp\ConsoleAppCSharp.csproj", "{1119DC30-5C80-4349-9FC2-FDDC27B14CFB}"
EndProject
Global
	GlobalSection(SolutionConfigurationPlatforms) = preSolution
		Debug|Any CPU = Debug|Any CPU
		Release|Any CPU = Release|Any CPU
	EndGlobalSection
	GlobalSection(ProjectConfigurationPlatforms) = postSolution
		{1119DC30-5C80-4349-9FC2-FDDC27B14CFB}.Debug|Any CPU.ActiveCfg = Debug|Any CPU
		{1119DC30-5C80-4349-9FC2-FDDC27B14CFB}.Debug|Any CPU.Build.0 = Debug|Any CPU
		{1119DC30-5C80-4349-9FC2-FDDC27B14CFB}.Release|Any CPU.ActiveCfg = Release|Any CPU
		{1119DC30-5C80-4349-9FC2-FDDC27B14CFB}.Release|Any CPU.Build.0 = Release|Any CPU
	EndGlobalSection
	GlobalSection(SolutionProperties) = preSolution
		HideSolutionNode = FALSE
	EndGlobalSection
	GlobalSection(ExtensibilityGlobals) = postSolution
		SolutionGuid = {C07CAD37-0B57-46D2-8D1F-4B87E62C4AC6}
	EndGlobalSection
EndGlobal
